
Microsoft Visual Studio Solution File, Format Version 12.00
# Visual Studio Version 17
VisualStudioVersion = 17.9.34728.123
MinimumVisualStudioVersion = 10.0.40219.1
Project("{8BC9CEB8-8B4A-11D0-8D11-00A0C91BC942}") = "PInvokeDLL", "PInvokeDLL\PInvokeDLL.vcxproj", "{D70E0BBB-D68B-48AF-808A-E2C6FD492CC7}"
EndProject
Project("{FAE04EC0-301F-11D3-BF4B-00C04F79EFBC}") = "PInvoke", "PInvoke\PInvoke.csproj", "{17FDFE8C-312B-4D00-BCDB-6165AECE57A8}"
EndProject
Global
	GlobalSection(SolutionConfigurationPlatforms) = preSolution
		Debug|Any CPU = Debug|Any CPU
		Debug|x64 = Debug|x64
		Debug|x86 = Debug|x86
		Release|Any CPU = Release|Any CPU
		Release|x64 = Release|x64
		Release|x86 = Release|x86
	EndGlobalSection
	GlobalSection(ProjectConfigurationPlatforms) = postSolution
		{D70E0BBB-D68B-48AF-808A-E2C6FD492CC7}.Debug|Any CPU.ActiveCfg = Debug|x64
		{D70E0BBB-D68B-48AF-808A-E2C6FD492CC7}.Debug|Any CPU.Build.0 = Debug|x64
		{D70E0BBB-D68B-48AF-808A-E2C6FD492CC7}.Debug|x64.ActiveCfg = Debug|x64
		{D70E0BBB-D68B-48AF-808A-E2C6FD492CC7}.Debug|x64.Build.0 = Debug|x64
		{D70E0BBB-D68B-48AF-808A-E2C6FD492CC7}.Debug|x86.ActiveCfg = Debug|Win32
		{D70E0BBB-D68B-48AF-808A-E2C6FD492CC7}.Debug|x86.Build.0 = Debug|Win32
		{D70E0BBB-D68B-48AF-808A-E2C6FD492CC7}.Release|Any CPU.ActiveCfg = Release|x64
		{D70E0BBB-D68B-48AF-808A-E2C6FD492CC7}.Release|Any CPU.Build.0 = Release|x64
		{D70E0BBB-D68B-48AF-808A-E2C6FD492CC7}.Release|x64.ActiveCfg = Release|x64
		{D70E0BBB-D68B-48AF-808A-E2C6FD492CC7}.Release|x64.Build.0 = Release|x64
		{D70E0BBB-D68B-48AF-808A-E2C6FD492CC7}.Release|x86.ActiveCfg = Release|Win32
		{D70E0BBB-D68B-48AF-808A-E2C6FD492CC7}.Release|x86.Build.0 = Release|Win32
		{17FDFE8C-312B-4D00-BCDB-6165AECE57A8}.Debug|Any CPU.ActiveCfg = Debug|Any CPU
		{17FDFE8C-312B-4D00-BCDB-6165AECE57A8}.Debug|Any CPU.Build.0 = Debug|Any CPU
		{17FDFE8C-312B-4D00-BCDB-6165AECE57A8}.Debug|x64.ActiveCfg = Debug|Any CPU
		{17FDFE8C-312B-4D00-BCDB-6165AECE57A8}.Debug|x64.Build.0 = Debug|Any CPU
		{17FDFE8C-312B-4D00-BCDB-6165AECE57A8}.Debug|x86.ActiveCfg = Debug|Any CPU
		{17FDFE8C-312B-4D00-BCDB-6165AECE57A8}.Debug|x86.Build.0 = Debug|Any CPU
		{17FDFE8C-312B-4D00-BCDB-6165AECE57A8}.Release|Any CPU.ActiveCfg = Release|Any CPU
		{17FDFE8C-312B-4D00-BCDB-6165AECE57A8}.Release|Any CPU.Build.0 = Release|Any CPU
		{17FDFE8C-312B-4D00-BCDB-6165AECE57A8}.Release|x64.ActiveCfg = Release|Any CPU
		{17FDFE8C-312B-4D00-BCDB-6165AECE57A8}.Release|x64.Build.0 = Release|Any CPU
		{17FDFE8C-312B-4D00-BCDB-6165AECE57A8}.Release|x86.ActiveCfg = Release|Any CPU
		{17FDFE8C-312B-4D00-BCDB-6165AECE57A8}.Release|x86.Build.0 = Release|Any CPU
	EndGlobalSection
	GlobalSection(SolutionProperties) = preSolution
		HideSolutionNode = FALSE
	EndGlobalSection
	GlobalSection(ExtensibilityGlobals) = postSolution
		SolutionGuid = {AD075A3A-BA39-4F37-AEFE-86E3273F1FDD}
	EndGlobalSection
EndGlobal
